
Microsoft Visual Studio Solution File, Format Version 12.00
# Visual Studio Version 17
VisualStudioVersion = 17.0.31423.177
MinimumVisualStudioVersion = 10.0.40219.1
Project("{2150E333-8FDC-42A3-9474-1A3956D46DE8}") = "MobileApps", "MobileApps", "{B1444FC4-DFEE-422C-BC81-CFDD6D40E859}"
EndProject
Project("{2150E333-8FDC-42A3-9474-1A3956D46DE8}") = "WebApps", "WebApps", "{6722421E-6426-4262-8F44-557C40E9D79D}"
EndProject
Project("{2150E333-8FDC-42A3-9474-1A3956D46DE8}") = "Services", "Services", "{F35A7FEA-7C11-474A-82E5-549966D4DF47}"
EndProject
Project("{2150E333-8FDC-42A3-9474-1A3956D46DE8}") = "Scheduling", "Scheduling", "{FA3196C2-E7B4-444A-95C3-D33A5C0B71EB}"
	ProjectSection(SolutionItems) = preProject
		services\Scheduling\Scheduling.svg = services\Scheduling\Scheduling.svg
	EndProjectSection
EndProject
Project("{2150E333-8FDC-42A3-9474-1A3956D46DE8}") = "Shortlisting", "Shortlisting", "{F179EB43-45AA-493B-9326-E4A1236AB9DC}"
	ProjectSection(SolutionItems) = preProject
		services\Shortlisting\Shortlisting.svg = services\Shortlisting\Shortlisting.svg
	EndProjectSection
EndProject
Project("{2150E333-8FDC-42A3-9474-1A3956D46DE8}") = "CheckingIn", "CheckingIn", "{837DA9F0-AAAA-4005-A765-FDB20F5B1A13}"
	ProjectSection(SolutionItems) = preProject
		services\CheckingIn\CheckingIn.svg = services\CheckingIn\CheckingIn.svg
	EndProjectSection
EndProject
Project("{9A19103F-16F7-4668-BE54-9A1E7A4F7556}") = "Visage.Spec", "Visage.Spec\Visage.Spec.csproj", "{64C4DCE9-6818-4BE0-ADEA-192D07E70B8B}"
EndProject
Global
	GlobalSection(SolutionConfigurationPlatforms) = preSolution
		Debug|Any CPU = Debug|Any CPU
		Release|Any CPU = Release|Any CPU
	EndGlobalSection
	GlobalSection(ProjectConfigurationPlatforms) = postSolution
		{64C4DCE9-6818-4BE0-ADEA-192D07E70B8B}.Debug|Any CPU.ActiveCfg = Debug|Any CPU
		{64C4DCE9-6818-4BE0-ADEA-192D07E70B8B}.Debug|Any CPU.Build.0 = Debug|Any CPU
		{64C4DCE9-6818-4BE0-ADEA-192D07E70B8B}.Release|Any CPU.ActiveCfg = Release|Any CPU
		{64C4DCE9-6818-4BE0-ADEA-192D07E70B8B}.Release|Any CPU.Build.0 = Release|Any CPU
	EndGlobalSection
	GlobalSection(SolutionProperties) = preSolution
		HideSolutionNode = FALSE
	EndGlobalSection
	GlobalSection(NestedProjects) = preSolution
		{FA3196C2-E7B4-444A-95C3-D33A5C0B71EB} = {F35A7FEA-7C11-474A-82E5-549966D4DF47}
		{F179EB43-45AA-493B-9326-E4A1236AB9DC} = {F35A7FEA-7C11-474A-82E5-549966D4DF47}
		{837DA9F0-AAAA-4005-A765-FDB20F5B1A13} = {F35A7FEA-7C11-474A-82E5-549966D4DF47}
	EndGlobalSection
	GlobalSection(ExtensibilityGlobals) = postSolution
		SolutionGuid = {6DFD8D43-B55A-46A9-8FC2-22BACFF0AE1F}
	EndGlobalSection
EndGlobal
